// !$*UTF8*$!
{
	archiveVersion = 1;
	classes = {
	};
	objectVersion = 55;
	objects = {

/* Begin PBXBuildFile section */
		CC1C3BDA28C278480066B855 /* Eventos.storyboard in Resources */ = {isa = PBXBuildFile; fileRef = CC1C3BD928C278480066B855 /* Eventos.storyboard */; };
		CC1C3BDD28C27B060066B855 /* Denuncias.storyboard in Resources */ = {isa = PBXBuildFile; fileRef = CC1C3BDC28C27B060066B855 /* Denuncias.storyboard */; };
		CC1C3BE028C280E30066B855 /* Sugestoes.storyboard in Resources */ = {isa = PBXBuildFile; fileRef = CC1C3BDF28C280E30066B855 /* Sugestoes.storyboard */; };
		CC265F2928BD372D00E2D2D8 /* AppDelegate.swift in Sources */ = {isa = PBXBuildFile; fileRef = CC265F2828BD372D00E2D2D8 /* AppDelegate.swift */; };
		CC265F2B28BD372D00E2D2D8 /* SceneDelegate.swift in Sources */ = {isa = PBXBuildFile; fileRef = CC265F2A28BD372D00E2D2D8 /* SceneDelegate.swift */; };
		CC265F2D28BD372D00E2D2D8 /* ViewController.swift in Sources */ = {isa = PBXBuildFile; fileRef = CC265F2C28BD372D00E2D2D8 /* ViewController.swift */; };
		CC265F3028BD372D00E2D2D8 /* Main.storyboard in Resources */ = {isa = PBXBuildFile; fileRef = CC265F2E28BD372D00E2D2D8 /* Main.storyboard */; };
		CC265F3228BD372F00E2D2D8 /* Assets.xcassets in Resources */ = {isa = PBXBuildFile; fileRef = CC265F3128BD372F00E2D2D8 /* Assets.xcassets */; };
		CC265F3528BD372F00E2D2D8 /* LaunchScreen.storyboard in Resources */ = {isa = PBXBuildFile; fileRef = CC265F3328BD372F00E2D2D8 /* LaunchScreen.storyboard */; };
		CCCCCA7228BFCB52001A18BC /* Home.storyboard in Resources */ = {isa = PBXBuildFile; fileRef = CCCCCA7128BFCB52001A18BC /* Home.storyboard */; };
		CCCCCA7428BFCBAD001A18BC /* Search.storyboard in Resources */ = {isa = PBXBuildFile; fileRef = CCCCCA7328BFCBAD001A18BC /* Search.storyboard */; };
		CCCCCA7628BFCBCB001A18BC /* Profile.storyboard in Resources */ = {isa = PBXBuildFile; fileRef = CCCCCA7528BFCBCB001A18BC /* Profile.storyboard */; };
		CCCCCA7828BFD9CB001A18BC /* HomeViewController.swift in Sources */ = {isa = PBXBuildFile; fileRef = CCCCCA7728BFD9CB001A18BC /* HomeViewController.swift */; };
		CCCCCA7A28BFDB34001A18BC /* SearchViewController.swift in Sources */ = {isa = PBXBuildFile; fileRef = CCCCCA7928BFDB34001A18BC /* SearchViewController.swift */; };
		CCCCCA7C28BFDB59001A18BC /* ProfileViewController.swift in Sources */ = {isa = PBXBuildFile; fileRef = CCCCCA7B28BFDB59001A18BC /* ProfileViewController.swift */; };
/* End PBXBuildFile section */

/* Begin PBXFileReference section */
		CC1C3BD928C278480066B855 /* Eventos.storyboard */ = {isa = PBXFileReference; lastKnownFileType = file.storyboard; path = Eventos.storyboard; sourceTree = "<group>"; };
		CC1C3BDC28C27B060066B855 /* Denuncias.storyboard */ = {isa = PBXFileReference; lastKnownFileType = file.storyboard; path = Denuncias.storyboard; sourceTree = "<group>"; };
		CC1C3BDF28C280E30066B855 /* Sugestoes.storyboard */ = {isa = PBXFileReference; lastKnownFileType = file.storyboard; path = Sugestoes.storyboard; sourceTree = "<group>"; };
		CC265F2528BD372D00E2D2D8 /* RespireFundo.app */ = {isa = PBXFileReference; explicitFileType = wrapper.application; includeInIndex = 0; path = RespireFundo.app; sourceTree = BUILT_PRODUCTS_DIR; };
		CC265F2828BD372D00E2D2D8 /* AppDelegate.swift */ = {isa = PBXFileReference; lastKnownFileType = sourcecode.swift; path = AppDelegate.swift; sourceTree = "<group>"; };
		CC265F2A28BD372D00E2D2D8 /* SceneDelegate.swift */ = {isa = PBXFileReference; lastKnownFileType = sourcecode.swift; path = SceneDelegate.swift; sourceTree = "<group>"; };
		CC265F2C28BD372D00E2D2D8 /* ViewController.swift */ = {isa = PBXFileReference; lastKnownFileType = sourcecode.swift; path = ViewController.swift; sourceTree = "<group>"; };
		CC265F2F28BD372D00E2D2D8 /* Base */ = {isa = PBXFileReference; lastKnownFileType = file.storyboard; name = Base; path = Base.lproj/Main.storyboard; sourceTree = "<group>"; };
		CC265F3128BD372F00E2D2D8 /* Assets.xcassets */ = {isa = PBXFileReference; lastKnownFileType = folder.assetcatalog; path = Assets.xcassets; sourceTree = "<group>"; };
		CC265F3428BD372F00E2D2D8 /* Base */ = {isa = PBXFileReference; lastKnownFileType = file.storyboard; name = Base; path = Base.lproj/LaunchScreen.storyboard; sourceTree = "<group>"; };
		CC265F3628BD372F00E2D2D8 /* Info.plist */ = {isa = PBXFileReference; lastKnownFileType = text.plist.xml; path = Info.plist; sourceTree = "<group>"; };
		CCCCCA7128BFCB52001A18BC /* Home.storyboard */ = {isa = PBXFileReference; lastKnownFileType = file.storyboard; path = Home.storyboard; sourceTree = "<group>"; };
		CCCCCA7328BFCBAD001A18BC /* Search.storyboard */ = {isa = PBXFileReference; lastKnownFileType = file.storyboard; path = Search.storyboard; sourceTree = "<group>"; };
		CCCCCA7528BFCBCB001A18BC /* Profile.storyboard */ = {isa = PBXFileReference; lastKnownFileType = file.storyboard; path = Profile.storyboard; sourceTree = "<group>"; };
		CCCCCA7728BFD9CB001A18BC /* HomeViewController.swift */ = {isa = PBXFileReference; lastKnownFileType = sourcecode.swift; path = HomeViewController.swift; sourceTree = "<group>"; };
		CCCCCA7928BFDB34001A18BC /* SearchViewController.swift */ = {isa = PBXFileReference; lastKnownFileType = sourcecode.swift; path = SearchViewController.swift; sourceTree = "<group>"; };
		CCCCCA7B28BFDB59001A18BC /* ProfileViewController.swift */ = {isa = PBXFileReference; lastKnownFileType = sourcecode.swift; path = ProfileViewController.swift; sourceTree = "<group>"; };
/* End PBXFileReference section */

/* Begin PBXFrameworksBuildPhase section */
		CC265F2228BD372D00E2D2D8 /* Frameworks */ = {
			isa = PBXFrameworksBuildPhase;
			buildActionMask = 2147483647;
			files = (
			);
			runOnlyForDeploymentPostprocessing = 0;
		};
/* End PBXFrameworksBuildPhase section */

/* Begin PBXGroup section */
		CC1C3BD828C2782A0066B855 /* Eventos */ = {
			isa = PBXGroup;
			children = (
				CC1C3BD928C278480066B855 /* Eventos.storyboard */,
			);
			path = Eventos;
			sourceTree = "<group>";
		};
		CC1C3BDB28C27ABA0066B855 /* Denuncia */ = {
			isa = PBXGroup;
			children = (
				CC1C3BDC28C27B060066B855 /* Denuncias.storyboard */,
			);
			path = Denuncia;
			sourceTree = "<group>";
		};
		CC1C3BDE28C280C40066B855 /* Sugestoes */ = {
			isa = PBXGroup;
			children = (
				CC1C3BDF28C280E30066B855 /* Sugestoes.storyboard */,
			);
			path = Sugestoes;
			sourceTree = "<group>";
		};
		CC265F1C28BD372D00E2D2D8 = {
			isa = PBXGroup;
			children = (
				CC265F2728BD372D00E2D2D8 /* RespireFundo */,
				CC265F2628BD372D00E2D2D8 /* Products */,
			);
			sourceTree = "<group>";
		};
		CC265F2628BD372D00E2D2D8 /* Products */ = {
			isa = PBXGroup;
			children = (
				CC265F2528BD372D00E2D2D8 /* RespireFundo.app */,
			);
			name = Products;
			sourceTree = "<group>";
		};
		CC265F2728BD372D00E2D2D8 /* RespireFundo */ = {
			isa = PBXGroup;
			children = (
				CC1C3BDE28C280C40066B855 /* Sugestoes */,
				CC1C3BDB28C27ABA0066B855 /* Denuncia */,
				CC1C3BD828C2782A0066B855 /* Eventos */,
				CCCCCA7F28BFDCA3001A18BC /* Profile */,
				CCCCCA7E28BFDC76001A18BC /* Search */,
				CCCCCA7D28BFDC51001A18BC /* Home */,
				CC265F3C28BD39C200E2D2D8 /* TabBar */,
				CC265F2828BD372D00E2D2D8 /* AppDelegate.swift */,
				CC265F2A28BD372D00E2D2D8 /* SceneDelegate.swift */,
				CC265F3128BD372F00E2D2D8 /* Assets.xcassets */,
				CC265F3328BD372F00E2D2D8 /* LaunchScreen.storyboard */,
				CC265F3628BD372F00E2D2D8 /* Info.plist */,
			);
			path = RespireFundo;
			sourceTree = "<group>";
		};
		CC265F3C28BD39C200E2D2D8 /* TabBar */ = {
			isa = PBXGroup;
			children = (
				CC265F2E28BD372D00E2D2D8 /* Main.storyboard */,
				CC265F2C28BD372D00E2D2D8 /* ViewController.swift */,
			);
			path = TabBar;
			sourceTree = "<group>";
		};
		CCCCCA7D28BFDC51001A18BC /* Home */ = {
			isa = PBXGroup;
			children = (
				CCCCCA7128BFCB52001A18BC /* Home.storyboard */,
				CCCCCA7728BFD9CB001A18BC /* HomeViewController.swift */,
			);
			path = Home;
			sourceTree = "<group>";
		};
		CCCCCA7E28BFDC76001A18BC /* Search */ = {
			isa = PBXGroup;
			children = (
				CCCCCA7328BFCBAD001A18BC /* Search.storyboard */,
				CCCCCA7928BFDB34001A18BC /* SearchViewController.swift */,
			);
			path = Search;
			sourceTree = "<group>";
		};
		CCCCCA7F28BFDCA3001A18BC /* Profile */ = {
			isa = PBXGroup;
			children = (
				CCCCCA7528BFCBCB001A18BC /* Profile.storyboard */,
				CCCCCA7B28BFDB59001A18BC /* ProfileViewController.swift */,
			);
			path = Profile;
			sourceTree = "<group>";
		};
/* End PBXGroup section */

/* Begin PBXNativeTarget section */
		CC265F2428BD372D00E2D2D8 /* RespireFundo */ = {
			isa = PBXNativeTarget;
			buildConfigurationList = CC265F3928BD372F00E2D2D8 /* Build configuration list for PBXNativeTarget "RespireFundo" */;
			buildPhases = (
				CC265F2128BD372D00E2D2D8 /* Sources */,
				CC265F2228BD372D00E2D2D8 /* Frameworks */,
				CC265F2328BD372D00E2D2D8 /* Resources */,
			);
			buildRules = (
			);
			dependencies = (
			);
			name = RespireFundo;
			productName = RespireFundo;
			productReference = CC265F2528BD372D00E2D2D8 /* RespireFundo.app */;
			productType = "com.apple.product-type.application";
		};
/* End PBXNativeTarget section */

/* Begin PBXProject section */
		CC265F1D28BD372D00E2D2D8 /* Project object */ = {
			isa = PBXProject;
			attributes = {
				BuildIndependentTargetsInParallel = 1;
				LastSwiftUpdateCheck = 1340;
				LastUpgradeCheck = 1340;
				TargetAttributes = {
					CC265F2428BD372D00E2D2D8 = {
						CreatedOnToolsVersion = 13.4.1;
					};
				};
			};
			buildConfigurationList = CC265F2028BD372D00E2D2D8 /* Build configuration list for PBXProject "RespireFundo" */;
			compatibilityVersion = "Xcode 13.0";
			developmentRegion = en;
			hasScannedForEncodings = 0;
			knownRegions = (
				en,
				Base,
			);
			mainGroup = CC265F1C28BD372D00E2D2D8;
			productRefGroup = CC265F2628BD372D00E2D2D8 /* Products */;
			projectDirPath = "";
			projectRoot = "";
			targets = (
				CC265F2428BD372D00E2D2D8 /* RespireFundo */,
			);
		};
/* End PBXProject section */

/* Begin PBXResourcesBuildPhase section */
		CC265F2328BD372D00E2D2D8 /* Resources */ = {
			isa = PBXResourcesBuildPhase;
			buildActionMask = 2147483647;
			files = (
				CCCCCA7628BFCBCB001A18BC /* Profile.storyboard in Resources */,
				CC265F3528BD372F00E2D2D8 /* LaunchScreen.storyboard in Resources */,
				CC265F3228BD372F00E2D2D8 /* Assets.xcassets in Resources */,
				CC1C3BDA28C278480066B855 /* Eventos.storyboard in Resources */,
				CC265F3028BD372D00E2D2D8 /* Main.storyboard in Resources */,
				CC1C3BDD28C27B060066B855 /* Denuncias.storyboard in Resources */,
				CC1C3BE028C280E30066B855 /* Sugestoes.storyboard in Resources */,
				CCCCCA7228BFCB52001A18BC /* Home.storyboard in Resources */,
				CCCCCA7428BFCBAD001A18BC /* Search.storyboard in Resources */,
			);
			runOnlyForDeploymentPostprocessing = 0;
		};
/* End PBXResourcesBuildPhase section */

/* Begin PBXSourcesBuildPhase section */
		CC265F2128BD372D00E2D2D8 /* Sources */ = {
			isa = PBXSourcesBuildPhase;
			buildActionMask = 2147483647;
			files = (
				CCCCCA7C28BFDB59001A18BC /* ProfileViewController.swift in Sources */,
				CC265F2D28BD372D00E2D2D8 /* ViewController.swift in Sources */,
				CC265F2928BD372D00E2D2D8 /* AppDelegate.swift in Sources */,
				CCCCCA7A28BFDB34001A18BC /* SearchViewController.swift in Sources */,
				CCCCCA7828BFD9CB001A18BC /* HomeViewController.swift in Sources */,
				CC265F2B28BD372D00E2D2D8 /* SceneDelegate.swift in Sources */,
			);
			runOnlyForDeploymentPostprocessing = 0;
		};
/* End PBXSourcesBuildPhase section */

/* Begin PBXVariantGroup section */
		CC265F2E28BD372D00E2D2D8 /* Main.storyboard */ = {
			isa = PBXVariantGroup;
			children = (
				CC265F2F28BD372D00E2D2D8 /* Base */,
			);
			name = Main.storyboard;
			sourceTree = "<group>";
		};
		CC265F3328BD372F00E2D2D8 /* LaunchScreen.storyboard */ = {
			isa = PBXVariantGroup;
			children = (
				CC265F3428BD372F00E2D2D8 /* Base */,
			);
			name = LaunchScreen.storyboard;
			sourceTree = "<group>";
		};
/* End PBXVariantGroup section */

/* Begin XCBuildConfiguration section */
		CC265F3728BD372F00E2D2D8 /* Debug */ = {
			isa = XCBuildConfiguration;
			buildSettings = {
				ALWAYS_SEARCH_USER_PATHS = NO;
				CLANG_ANALYZER_NONNULL = YES;
				CLANG_ANALYZER_NUMBER_OBJECT_CONVERSION = YES_AGGRESSIVE;
				CLANG_CXX_LANGUAGE_STANDARD = "gnu++17";
				CLANG_ENABLE_MODULES = YES;
				CLANG_ENABLE_OBJC_ARC = YES;
				CLANG_ENABLE_OBJC_WEAK = YES;
				CLANG_WARN_BLOCK_CAPTURE_AUTORELEASING = YES;
				CLANG_WARN_BOOL_CONVERSION = YES;
				CLANG_WARN_COMMA = YES;
				CLANG_WARN_CONSTANT_CONVERSION = YES;
				CLANG_WARN_DEPRECATED_OBJC_IMPLEMENTATIONS = YES;
				CLANG_WARN_DIRECT_OBJC_ISA_USAGE = YES_ERROR;
				CLANG_WARN_DOCUMENTATION_COMMENTS = YES;
				CLANG_WARN_EMPTY_BODY = YES;
				CLANG_WARN_ENUM_CONVERSION = YES;
				CLANG_WARN_INFINITE_RECURSION = YES;
				CLANG_WARN_INT_CONVERSION = YES;
				CLANG_WARN_NON_LITERAL_NULL_CONVERSION = YES;
				CLANG_WARN_OBJC_IMPLICIT_RETAIN_SELF = YES;
				CLANG_WARN_OBJC_LITERAL_CONVERSION = YES;
				CLANG_WARN_OBJC_ROOT_CLASS = YES_ERROR;
				CLANG_WARN_QUOTED_INCLUDE_IN_FRAMEWORK_HEADER = YES;
				CLANG_WARN_RANGE_LOOP_ANALYSIS = YES;
				CLANG_WARN_STRICT_PROTOTYPES = YES;
				CLANG_WARN_SUSPICIOUS_MOVE = YES;
				CLANG_WARN_UNGUARDED_AVAILABILITY = YES_AGGRESSIVE;
				CLANG_WARN_UNREACHABLE_CODE = YES;
				CLANG_WARN__DUPLICATE_METHOD_MATCH = YES;
				COPY_PHASE_STRIP = NO;
				DEBUG_INFORMATION_FORMAT = dwarf;
				ENABLE_STRICT_OBJC_MSGSEND = YES;
				ENABLE_TESTABILITY = YES;
				GCC_C_LANGUAGE_STANDARD = gnu11;
				GCC_DYNAMIC_NO_PIC = NO;
				GCC_NO_COMMON_BLOCKS = YES;
				GCC_OPTIMIZATION_LEVEL = 0;
				GCC_PREPROCESSOR_DEFINITIONS = (
					"DEBUG=1",
					"$(inherited)",
				);
				GCC_WARN_64_TO_32_BIT_CONVERSION = YES;
				GCC_WARN_ABOUT_RETURN_TYPE = YES_ERROR;
				GCC_WARN_UNDECLARED_SELECTOR = YES;
				GCC_WARN_UNINITIALIZED_AUTOS = YES_AGGRESSIVE;
				GCC_WARN_UNUSED_FUNCTION = YES;
				GCC_WARN_UNUSED_VARIABLE = YES;
				IPHONEOS_DEPLOYMENT_TARGET = 15.5;
				MTL_ENABLE_DEBUG_INFO = INCLUDE_SOURCE;
				MTL_FAST_MATH = YES;
				ONLY_ACTIVE_ARCH = YES;
				SDKROOT = iphoneos;
				SWIFT_ACTIVE_COMPILATION_CONDITIONS = DEBUG;
				SWIFT_OPTIMIZATION_LEVEL = "-Onone";
			};
			name = Debug;
		};
		CC265F3828BD372F00E2D2D8 /* Release */ = {
			isa = XCBuildConfiguration;
			buildSettings = {
				ALWAYS_SEARCH_USER_PATHS = NO;
				CLANG_ANALYZER_NONNULL = YES;
				CLANG_ANALYZER_NUMBER_OBJECT_CONVERSION = YES_AGGRESSIVE;
				CLANG_CXX_LANGUAGE_STANDARD = "gnu++17";
				CLANG_ENABLE_MODULES = YES;
				CLANG_ENABLE_OBJC_ARC = YES;
				CLANG_ENABLE_OBJC_WEAK = YES;
				CLANG_WARN_BLOCK_CAPTURE_AUTORELEASING = YES;
				CLANG_WARN_BOOL_CONVERSION = YES;
				CLANG_WARN_COMMA = YES;
				CLANG_WARN_CONSTANT_CONVERSION = YES;
				CLANG_WARN_DEPRECATED_OBJC_IMPLEMENTATIONS = YES;
				CLANG_WARN_DIRECT_OBJC_ISA_USAGE = YES_ERROR;
				CLANG_WARN_DOCUMENTATION_COMMENTS = YES;
				CLANG_WARN_EMPTY_BODY = YES;
				CLANG_WARN_ENUM_CONVERSION = YES;
				CLANG_WARN_INFINITE_RECURSION = YES;
				CLANG_WARN_INT_CONVERSION = YES;
				CLANG_WARN_NON_LITERAL_NULL_CONVERSION = YES;
				CLANG_WARN_OBJC_IMPLICIT_RETAIN_SELF = YES;
				CLANG_WARN_OBJC_LITERAL_CONVERSION = YES;
				CLANG_WARN_OBJC_ROOT_CLASS = YES_ERROR;
				CLANG_WARN_QUOTED_INCLUDE_IN_FRAMEWORK_HEADER = YES;
				CLANG_WARN_RANGE_LOOP_ANALYSIS = YES;
				CLANG_WARN_STRICT_PROTOTYPES = YES;
				CLANG_WARN_SUSPICIOUS_MOVE = YES;
				CLANG_WARN_UNGUARDED_AVAILABILITY = YES_AGGRESSIVE;
				CLANG_WARN_UNREACHABLE_CODE = YES;
				CLANG_WARN__DUPLICATE_METHOD_MATCH = YES;
				COPY_PHASE_STRIP = NO;
				DEBUG_INFORMATION_FORMAT = "dwarf-with-dsym";
				ENABLE_NS_ASSERTIONS = NO;
				ENABLE_STRICT_OBJC_MSGSEND = YES;
				GCC_C_LANGUAGE_STANDARD = gnu11;
				GCC_NO_COMMON_BLOCKS = YES;
				GCC_WARN_64_TO_32_BIT_CONVERSION = YES;
				GCC_WARN_ABOUT_RETURN_TYPE = YES_ERROR;
				GCC_WARN_UNDECLARED_SELECTOR = YES;
				GCC_WARN_UNINITIALIZED_AUTOS = YES_AGGRESSIVE;
				GCC_WARN_UNUSED_FUNCTION = YES;
				GCC_WARN_UNUSED_VARIABLE = YES;
				IPHONEOS_DEPLOYMENT_TARGET = 15.5;
				MTL_ENABLE_DEBUG_INFO = NO;
				MTL_FAST_MATH = YES;
				SDKROOT = iphoneos;
				SWIFT_COMPILATION_MODE = wholemodule;
				SWIFT_OPTIMIZATION_LEVEL = "-O";
				VALIDATE_PRODUCT = YES;
			};
			name = Release;
		};
		CC265F3A28BD372F00E2D2D8 /* Debug */ = {
			isa = XCBuildConfiguration;
			buildSettings = {
				ASSETCATALOG_COMPILER_APPICON_NAME = AppIcon;
				ASSETCATALOG_COMPILER_GLOBAL_ACCENT_COLOR_NAME = AccentColor;
				CODE_SIGN_STYLE = Automatic;
				CURRENT_PROJECT_VERSION = 1;
				GENERATE_INFOPLIST_FILE = YES;
				INFOPLIST_FILE = RespireFundo/Info.plist;
				INFOPLIST_KEY_UIApplicationSupportsIndirectInputEvents = YES;
				INFOPLIST_KEY_UILaunchStoryboardName = LaunchScreen;
				INFOPLIST_KEY_UIMainStoryboardFile = Main;
				INFOPLIST_KEY_UISupportedInterfaceOrientations_iPad = "UIInterfaceOrientationPortrait UIInterfaceOrientationPortraitUpsideDown UIInterfaceOrientationLandscapeLeft UIInterfaceOrientationLandscapeRight";
				INFOPLIST_KEY_UISupportedInterfaceOrientations_iPhone = "UIInterfaceOrientationPortrait UIInterfaceOrientationLandscapeLeft UIInterfaceOrientationLandscapeRight";
				LD_RUNPATH_SEARCH_PATHS = (
					"$(inherited)",
					"@executable_path/Frameworks",
				);
				MARKETING_VERSION = 1.0;
				PRODUCT_BUNDLE_IDENTIFIER = grupo2.RespireFundo;
				PRODUCT_NAME = "$(TARGET_NAME)";
				SWIFT_EMIT_LOC_STRINGS = YES;
				SWIFT_VERSION = 5.0;
				TARGETED_DEVICE_FAMILY = "1,2";
			};
			name = Debug;
		};
		CC265F3B28BD372F00E2D2D8 /* Release */ = {
			isa = XCBuildConfiguration;
			buildSettings = {
				ASSETCATALOG_COMPILER_APPICON_NAME = AppIcon;
				ASSETCATALOG_COMPILER_GLOBAL_ACCENT_COLOR_NAME = AccentColor;
				CODE_SIGN_STYLE = Automatic;
				CURRENT_PROJECT_VERSION = 1;
				GENERATE_INFOPLIST_FILE = YES;
				INFOPLIST_FILE = RespireFundo/Info.plist;
				INFOPLIST_KEY_UIApplicationSupportsIndirectInputEvents = YES;
				INFOPLIST_KEY_UILaunchStoryboardName = LaunchScreen;
				INFOPLIST_KEY_UIMainStoryboardFile = Main;
				INFOPLIST_KEY_UISupportedInterfaceOrientations_iPad = "UIInterfaceOrientationPortrait UIInterfaceOrientationPortraitUpsideDown UIInterfaceOrientationLandscapeLeft UIInterfaceOrientationLandscapeRight";
				INFOPLIST_KEY_UISupportedInterfaceOrientations_iPhone = "UIInterfaceOrientationPortrait UIInterfaceOrientationLandscapeLeft UIInterfaceOrientationLandscapeRight";
				LD_RUNPATH_SEARCH_PATHS = (
					"$(inherited)",
					"@executable_path/Frameworks",
				);
				MARKETING_VERSION = 1.0;
				PRODUCT_BUNDLE_IDENTIFIER = grupo2.RespireFundo;
				PRODUCT_NAME = "$(TARGET_NAME)";
				SWIFT_EMIT_LOC_STRINGS = YES;
				SWIFT_VERSION = 5.0;
				TARGETED_DEVICE_FAMILY = "1,2";
			};
			name = Release;
		};
/* End XCBuildConfiguration section */

/* Begin XCConfigurationList section */
		CC265F2028BD372D00E2D2D8 /* Build configuration list for PBXProject "RespireFundo" */ = {
			isa = XCConfigurationList;
			buildConfigurations = (
				CC265F3728BD372F00E2D2D8 /* Debug */,
				CC265F3828BD372F00E2D2D8 /* Release */,
			);
			defaultConfigurationIsVisible = 0;
			defaultConfigurationName = Release;
		};
		CC265F3928BD372F00E2D2D8 /* Build configuration list for PBXNativeTarget "RespireFundo" */ = {
			isa = XCConfigurationList;
			buildConfigurations = (
				CC265F3A28BD372F00E2D2D8 /* Debug */,
				CC265F3B28BD372F00E2D2D8 /* Release */,
			);
			defaultConfigurationIsVisible = 0;
			defaultConfigurationName = Release;
		};
/* End XCConfigurationList section */
	};
	rootObject = CC265F1D28BD372D00E2D2D8 /* Project object */;
}
